// !$*UTF8*$!
{
	archiveVersion = 1;
	classes = {
	};
	objectVersion = 50;
	objects = {

/* Begin PBXBuildFile section */
		CE5ADC8A2604AA2C00FCABB9 /* BillDetailsView.swift in Sources */ = {isa = PBXBuildFile; fileRef = CE5ADC892604AA2C00FCABB9 /* BillDetailsView.swift */; };
		CE5ADC8D2604AA6800FCABB9 /* HomeView.swift in Sources */ = {isa = PBXBuildFile; fileRef = CE5ADC8C2604AA6800FCABB9 /* HomeView.swift */; };
		CE5ADC932604C52700FCABB9 /* Expenses.swift in Sources */ = {isa = PBXBuildFile; fileRef = CE5ADC922604C52700FCABB9 /* Expenses.swift */; };
		CE5ADC9926060D0400FCABB9 /* Localization.swift in Sources */ = {isa = PBXBuildFile; fileRef = CE5ADC9826060D0400FCABB9 /* Localization.swift */; };
		CE5ADC9D2607C5BB00FCABB9 /* CodeTemplates.swift in Sources */ = {isa = PBXBuildFile; fileRef = CE5ADC9C2607C5BB00FCABB9 /* CodeTemplates.swift */; };
		CE5ADCA02608ED3B00FCABB9 /* BillsListView.swift in Sources */ = {isa = PBXBuildFile; fileRef = CE5ADC9F2608ED3B00FCABB9 /* BillsListView.swift */; };
		CE5ADCA32608EE5400FCABB9 /* CreditorsListView.swift in Sources */ = {isa = PBXBuildFile; fileRef = CE5ADCA22608EE5400FCABB9 /* CreditorsListView.swift */; };
		CE5ADCA62608EE5E00FCABB9 /* DebtorsListView.swift in Sources */ = {isa = PBXBuildFile; fileRef = CE5ADCA52608EE5E00FCABB9 /* DebtorsListView.swift */; };
		CE5ADCAF2608FDBC00FCABB9 /* AddCreditorView.swift in Sources */ = {isa = PBXBuildFile; fileRef = CE5ADCAE2608FDBC00FCABB9 /* AddCreditorView.swift */; };
		CE5ADCB22608FDD000FCABB9 /* AddDebtorView.swift in Sources */ = {isa = PBXBuildFile; fileRef = CE5ADCB12608FDD000FCABB9 /* AddDebtorView.swift */; };
		CEFBDDE62567344C00DFDFCE /* DiscounterApp.swift in Sources */ = {isa = PBXBuildFile; fileRef = CEFBDDE52567344C00DFDFCE /* DiscounterApp.swift */; };
		CEFBDDE82567344C00DFDFCE /* AddBillView.swift in Sources */ = {isa = PBXBuildFile; fileRef = CEFBDDE72567344C00DFDFCE /* AddBillView.swift */; };
		CEFBDDEA2567344E00DFDFCE /* Assets.xcassets in Resources */ = {isa = PBXBuildFile; fileRef = CEFBDDE92567344E00DFDFCE /* Assets.xcassets */; };
		CEFBDDED2567344E00DFDFCE /* Preview Assets.xcassets in Resources */ = {isa = PBXBuildFile; fileRef = CEFBDDEC2567344E00DFDFCE /* Preview Assets.xcassets */; };
/* End PBXBuildFile section */

/* Begin PBXFileReference section */
		CE5ADC892604AA2C00FCABB9 /* BillDetailsView.swift */ = {isa = PBXFileReference; lastKnownFileType = sourcecode.swift; path = BillDetailsView.swift; sourceTree = "<group>"; };
		CE5ADC8C2604AA6800FCABB9 /* HomeView.swift */ = {isa = PBXFileReference; lastKnownFileType = sourcecode.swift; path = HomeView.swift; sourceTree = "<group>"; };
		CE5ADC922604C52700FCABB9 /* Expenses.swift */ = {isa = PBXFileReference; lastKnownFileType = sourcecode.swift; path = Expenses.swift; sourceTree = "<group>"; };
		CE5ADC9826060D0400FCABB9 /* Localization.swift */ = {isa = PBXFileReference; lastKnownFileType = sourcecode.swift; path = Localization.swift; sourceTree = "<group>"; };
		CE5ADC9C2607C5BB00FCABB9 /* CodeTemplates.swift */ = {isa = PBXFileReference; lastKnownFileType = sourcecode.swift; path = CodeTemplates.swift; sourceTree = "<group>"; };
		CE5ADC9F2608ED3B00FCABB9 /* BillsListView.swift */ = {isa = PBXFileReference; lastKnownFileType = sourcecode.swift; path = BillsListView.swift; sourceTree = "<group>"; };
		CE5ADCA22608EE5400FCABB9 /* CreditorsListView.swift */ = {isa = PBXFileReference; lastKnownFileType = sourcecode.swift; path = CreditorsListView.swift; sourceTree = "<group>"; };
		CE5ADCA52608EE5E00FCABB9 /* DebtorsListView.swift */ = {isa = PBXFileReference; lastKnownFileType = sourcecode.swift; path = DebtorsListView.swift; sourceTree = "<group>"; };
		CE5ADCAE2608FDBC00FCABB9 /* AddCreditorView.swift */ = {isa = PBXFileReference; lastKnownFileType = sourcecode.swift; path = AddCreditorView.swift; sourceTree = "<group>"; };
		CE5ADCB12608FDD000FCABB9 /* AddDebtorView.swift */ = {isa = PBXFileReference; lastKnownFileType = sourcecode.swift; path = AddDebtorView.swift; sourceTree = "<group>"; };
		CEFBDDE22567344C00DFDFCE /* Discounter.app */ = {isa = PBXFileReference; explicitFileType = wrapper.application; includeInIndex = 0; path = Discounter.app; sourceTree = BUILT_PRODUCTS_DIR; };
		CEFBDDE52567344C00DFDFCE /* DiscounterApp.swift */ = {isa = PBXFileReference; lastKnownFileType = sourcecode.swift; path = DiscounterApp.swift; sourceTree = "<group>"; };
		CEFBDDE72567344C00DFDFCE /* AddBillView.swift */ = {isa = PBXFileReference; lastKnownFileType = sourcecode.swift; path = AddBillView.swift; sourceTree = "<group>"; };
		CEFBDDE92567344E00DFDFCE /* Assets.xcassets */ = {isa = PBXFileReference; lastKnownFileType = folder.assetcatalog; path = Assets.xcassets; sourceTree = "<group>"; };
		CEFBDDEC2567344E00DFDFCE /* Preview Assets.xcassets */ = {isa = PBXFileReference; lastKnownFileType = folder.assetcatalog; path = "Preview Assets.xcassets"; sourceTree = "<group>"; };
		CEFBDDEE2567344E00DFDFCE /* Info.plist */ = {isa = PBXFileReference; lastKnownFileType = text.plist.xml; path = Info.plist; sourceTree = "<group>"; };
/* End PBXFileReference section */

/* Begin PBXFrameworksBuildPhase section */
		CEFBDDDF2567344C00DFDFCE /* Frameworks */ = {
			isa = PBXFrameworksBuildPhase;
			buildActionMask = 2147483647;
			files = (
			);
			runOnlyForDeploymentPostprocessing = 0;
		};
/* End PBXFrameworksBuildPhase section */

/* Begin PBXGroup section */
		CE5ADC912604C50F00FCABB9 /* Model */ = {
			isa = PBXGroup;
			children = (
				CE5ADC922604C52700FCABB9 /* Expenses.swift */,
			);
			path = Model;
			sourceTree = "<group>";
		};
		CE5ADCAB2608EEC400FCABB9 /* View */ = {
			isa = PBXGroup;
			children = (
				CE5ADC8C2604AA6800FCABB9 /* HomeView.swift */,
				CE5ADC9F2608ED3B00FCABB9 /* BillsListView.swift */,
				CE5ADCA22608EE5400FCABB9 /* CreditorsListView.swift */,
				CE5ADCA52608EE5E00FCABB9 /* DebtorsListView.swift */,
				CE5ADCB42609003400FCABB9 /* Forms */,
				CE5ADC892604AA2C00FCABB9 /* BillDetailsView.swift */,
			);
			path = View;
			sourceTree = "<group>";
		};
		CE5ADCB42609003400FCABB9 /* Forms */ = {
			isa = PBXGroup;
			children = (
				CEFBDDE72567344C00DFDFCE /* AddBillView.swift */,
				CE5ADCAE2608FDBC00FCABB9 /* AddCreditorView.swift */,
				CE5ADCB12608FDD000FCABB9 /* AddDebtorView.swift */,
			);
			path = Forms;
			sourceTree = "<group>";
		};
		CEFBDDD92567344C00DFDFCE = {
			isa = PBXGroup;
			children = (
				CEFBDDE42567344C00DFDFCE /* Discounter */,
				CEFBDDE32567344C00DFDFCE /* Products */,
			);
			sourceTree = "<group>";
		};
		CEFBDDE32567344C00DFDFCE /* Products */ = {
			isa = PBXGroup;
			children = (
				CEFBDDE22567344C00DFDFCE /* Discounter.app */,
			);
			name = Products;
			sourceTree = "<group>";
		};
		CEFBDDE42567344C00DFDFCE /* Discounter */ = {
			isa = PBXGroup;
			children = (
				CEFBDDE52567344C00DFDFCE /* DiscounterApp.swift */,
				CE5ADC9826060D0400FCABB9 /* Localization.swift */,
				CE5ADC912604C50F00FCABB9 /* Model */,
				CE5ADCAB2608EEC400FCABB9 /* View */,
				CEFBDDE92567344E00DFDFCE /* Assets.xcassets */,
				CEFBDDEE2567344E00DFDFCE /* Info.plist */,
				CEFBDDEB2567344E00DFDFCE /* Preview Content */,
				CE5ADC9C2607C5BB00FCABB9 /* CodeTemplates.swift */,
			);
			path = Discounter;
			sourceTree = "<group>";
		};
		CEFBDDEB2567344E00DFDFCE /* Preview Content */ = {
			isa = PBXGroup;
			children = (
				CEFBDDEC2567344E00DFDFCE /* Preview Assets.xcassets */,
			);
			path = "Preview Content";
			sourceTree = "<group>";
		};
/* End PBXGroup section */

/* Begin PBXNativeTarget section */
		CEFBDDE12567344C00DFDFCE /* Discounter */ = {
			isa = PBXNativeTarget;
			buildConfigurationList = CEFBDDF12567344E00DFDFCE /* Build configuration list for PBXNativeTarget "Discounter" */;
			buildPhases = (
				CEFBDDDE2567344C00DFDFCE /* Sources */,
				CEFBDDDF2567344C00DFDFCE /* Frameworks */,
				CEFBDDE02567344C00DFDFCE /* Resources */,
			);
			buildRules = (
			);
			dependencies = (
			);
			name = Discounter;
			productName = Discounter;
			productReference = CEFBDDE22567344C00DFDFCE /* Discounter.app */;
			productType = "com.apple.product-type.application";
		};
/* End PBXNativeTarget section */

/* Begin PBXProject section */
		CEFBDDDA2567344C00DFDFCE /* Project object */ = {
			isa = PBXProject;
			attributes = {
				LastSwiftUpdateCheck = 1220;
				LastUpgradeCheck = 1220;
				TargetAttributes = {
					CEFBDDE12567344C00DFDFCE = {
						CreatedOnToolsVersion = 12.2;
					};
				};
			};
			buildConfigurationList = CEFBDDDD2567344C00DFDFCE /* Build configuration list for PBXProject "Discounter" */;
			compatibilityVersion = "Xcode 9.3";
			developmentRegion = en;
			hasScannedForEncodings = 0;
			knownRegions = (
				en,
				Base,
			);
			mainGroup = CEFBDDD92567344C00DFDFCE;
			productRefGroup = CEFBDDE32567344C00DFDFCE /* Products */;
			projectDirPath = "";
			projectRoot = "";
			targets = (
				CEFBDDE12567344C00DFDFCE /* Discounter */,
			);
		};
/* End PBXProject section */

/* Begin PBXResourcesBuildPhase section */
		CEFBDDE02567344C00DFDFCE /* Resources */ = {
			isa = PBXResourcesBuildPhase;
			buildActionMask = 2147483647;
			files = (
				CEFBDDED2567344E00DFDFCE /* Preview Assets.xcassets in Resources */,
				CEFBDDEA2567344E00DFDFCE /* Assets.xcassets in Resources */,
			);
			runOnlyForDeploymentPostprocessing = 0;
		};
/* End PBXResourcesBuildPhase section */

/* Begin PBXSourcesBuildPhase section */
		CEFBDDDE2567344C00DFDFCE /* Sources */ = {
			isa = PBXSourcesBuildPhase;
			buildActionMask = 2147483647;
			files = (
				CE5ADC9D2607C5BB00FCABB9 /* CodeTemplates.swift in Sources */,
				CE5ADC932604C52700FCABB9 /* Expenses.swift in Sources */,
				CE5ADCA32608EE5400FCABB9 /* CreditorsListView.swift in Sources */,
				CEFBDDE82567344C00DFDFCE /* AddBillView.swift in Sources */,
				CE5ADC9926060D0400FCABB9 /* Localization.swift in Sources */,
				CE5ADCA02608ED3B00FCABB9 /* BillsListView.swift in Sources */,
				CE5ADC8D2604AA6800FCABB9 /* HomeView.swift in Sources */,
				CE5ADC8A2604AA2C00FCABB9 /* BillDetailsView.swift in Sources */,
				CE5ADCAF2608FDBC00FCABB9 /* AddCreditorView.swift in Sources */,
				CEFBDDE62567344C00DFDFCE /* DiscounterApp.swift in Sources */,
				CE5ADCB22608FDD000FCABB9 /* AddDebtorView.swift in Sources */,
				CE5ADCA62608EE5E00FCABB9 /* DebtorsListView.swift in Sources */,
			);
			runOnlyForDeploymentPostprocessing = 0;
		};
/* End PBXSourcesBuildPhase section */

/* Begin XCBuildConfiguration section */
		CEFBDDEF2567344E00DFDFCE /* Debug */ = {
			isa = XCBuildConfiguration;
			buildSettings = {
				ALWAYS_SEARCH_USER_PATHS = NO;
				CLANG_ANALYZER_NONNULL = YES;
				CLANG_ANALYZER_NUMBER_OBJECT_CONVERSION = YES_AGGRESSIVE;
				CLANG_CXX_LANGUAGE_STANDARD = "gnu++14";
				CLANG_CXX_LIBRARY = "libc++";
				CLANG_ENABLE_MODULES = YES;
				CLANG_ENABLE_OBJC_ARC = YES;
				CLANG_ENABLE_OBJC_WEAK = YES;
				CLANG_WARN_BLOCK_CAPTURE_AUTORELEASING = YES;
				CLANG_WARN_BOOL_CONVERSION = YES;
				CLANG_WARN_COMMA = YES;
				CLANG_WARN_CONSTANT_CONVERSION = YES;
				CLANG_WARN_DEPRECATED_OBJC_IMPLEMENTATIONS = YES;
				CLANG_WARN_DIRECT_OBJC_ISA_USAGE = YES_ERROR;
				CLANG_WARN_DOCUMENTATION_COMMENTS = YES;
				CLANG_WARN_EMPTY_BODY = YES;
				CLANG_WARN_ENUM_CONVERSION = YES;
				CLANG_WARN_INFINITE_RECURSION = YES;
				CLANG_WARN_INT_CONVERSION = YES;
				CLANG_WARN_NON_LITERAL_NULL_CONVERSION = YES;
				CLANG_WARN_OBJC_IMPLICIT_RETAIN_SELF = YES;
				CLANG_WARN_OBJC_LITERAL_CONVERSION = YES;
				CLANG_WARN_OBJC_ROOT_CLASS = YES_ERROR;
				CLANG_WARN_QUOTED_INCLUDE_IN_FRAMEWORK_HEADER = YES;
				CLANG_WARN_RANGE_LOOP_ANALYSIS = YES;
				CLANG_WARN_STRICT_PROTOTYPES = YES;
				CLANG_WARN_SUSPICIOUS_MOVE = YES;
				CLANG_WARN_UNGUARDED_AVAILABILITY = YES_AGGRESSIVE;
				CLANG_WARN_UNREACHABLE_CODE = YES;
				CLANG_WARN__DUPLICATE_METHOD_MATCH = YES;
				COPY_PHASE_STRIP = NO;
				DEBUG_INFORMATION_FORMAT = dwarf;
				ENABLE_STRICT_OBJC_MSGSEND = YES;
				ENABLE_TESTABILITY = YES;
				GCC_C_LANGUAGE_STANDARD = gnu11;
				GCC_DYNAMIC_NO_PIC = NO;
				GCC_NO_COMMON_BLOCKS = YES;
				GCC_OPTIMIZATION_LEVEL = 0;
				GCC_PREPROCESSOR_DEFINITIONS = (
					"DEBUG=1",
					"$(inherited)",
				);
				GCC_WARN_64_TO_32_BIT_CONVERSION = YES;
				GCC_WARN_ABOUT_RETURN_TYPE = YES_ERROR;
				GCC_WARN_UNDECLARED_SELECTOR = YES;
				GCC_WARN_UNINITIALIZED_AUTOS = YES_AGGRESSIVE;
				GCC_WARN_UNUSED_FUNCTION = YES;
				GCC_WARN_UNUSED_VARIABLE = YES;
				IPHONEOS_DEPLOYMENT_TARGET = 14.2;
				MTL_ENABLE_DEBUG_INFO = INCLUDE_SOURCE;
				MTL_FAST_MATH = YES;
				ONLY_ACTIVE_ARCH = YES;
				SDKROOT = iphoneos;
				SWIFT_ACTIVE_COMPILATION_CONDITIONS = DEBUG;
				SWIFT_OPTIMIZATION_LEVEL = "-Onone";
			};
			name = Debug;
		};
		CEFBDDF02567344E00DFDFCE /* Release */ = {
			isa = XCBuildConfiguration;
			buildSettings = {
				ALWAYS_SEARCH_USER_PATHS = NO;
				CLANG_ANALYZER_NONNULL = YES;
				CLANG_ANALYZER_NUMBER_OBJECT_CONVERSION = YES_AGGRESSIVE;
				CLANG_CXX_LANGUAGE_STANDARD = "gnu++14";
				CLANG_CXX_LIBRARY = "libc++";
				CLANG_ENABLE_MODULES = YES;
				CLANG_ENABLE_OBJC_ARC = YES;
				CLANG_ENABLE_OBJC_WEAK = YES;
				CLANG_WARN_BLOCK_CAPTURE_AUTORELEASING = YES;
				CLANG_WARN_BOOL_CONVERSION = YES;
				CLANG_WARN_COMMA = YES;
				CLANG_WARN_CONSTANT_CONVERSION = YES;
				CLANG_WARN_DEPRECATED_OBJC_IMPLEMENTATIONS = YES;
				CLANG_WARN_DIRECT_OBJC_ISA_USAGE = YES_ERROR;
				CLANG_WARN_DOCUMENTATION_COMMENTS = YES;
				CLANG_WARN_EMPTY_BODY = YES;
				CLANG_WARN_ENUM_CONVERSION = YES;
				CLANG_WARN_INFINITE_RECURSION = YES;
				CLANG_WARN_INT_CONVERSION = YES;
				CLANG_WARN_NON_LITERAL_NULL_CONVERSION = YES;
				CLANG_WARN_OBJC_IMPLICIT_RETAIN_SELF = YES;
				CLANG_WARN_OBJC_LITERAL_CONVERSION = YES;
				CLANG_WARN_OBJC_ROOT_CLASS = YES_ERROR;
				CLANG_WARN_QUOTED_INCLUDE_IN_FRAMEWORK_HEADER = YES;
				CLANG_WARN_RANGE_LOOP_ANALYSIS = YES;
				CLANG_WARN_STRICT_PROTOTYPES = YES;
				CLANG_WARN_SUSPICIOUS_MOVE = YES;
				CLANG_WARN_UNGUARDED_AVAILABILITY = YES_AGGRESSIVE;
				CLANG_WARN_UNREACHABLE_CODE = YES;
				CLANG_WARN__DUPLICATE_METHOD_MATCH = YES;
				COPY_PHASE_STRIP = NO;
				DEBUG_INFORMATION_FORMAT = "dwarf-with-dsym";
				ENABLE_NS_ASSERTIONS = NO;
				ENABLE_STRICT_OBJC_MSGSEND = YES;
				GCC_C_LANGUAGE_STANDARD = gnu11;
				GCC_NO_COMMON_BLOCKS = YES;
				GCC_WARN_64_TO_32_BIT_CONVERSION = YES;
				GCC_WARN_ABOUT_RETURN_TYPE = YES_ERROR;
				GCC_WARN_UNDECLARED_SELECTOR = YES;
				GCC_WARN_UNINITIALIZED_AUTOS = YES_AGGRESSIVE;
				GCC_WARN_UNUSED_FUNCTION = YES;
				GCC_WARN_UNUSED_VARIABLE = YES;
				IPHONEOS_DEPLOYMENT_TARGET = 14.2;
				MTL_ENABLE_DEBUG_INFO = NO;
				MTL_FAST_MATH = YES;
				SDKROOT = iphoneos;
				SWIFT_COMPILATION_MODE = wholemodule;
				SWIFT_OPTIMIZATION_LEVEL = "-O";
				VALIDATE_PRODUCT = YES;
			};
			name = Release;
		};
		CEFBDDF22567344E00DFDFCE /* Debug */ = {
			isa = XCBuildConfiguration;
			buildSettings = {
				ASSETCATALOG_COMPILER_APPICON_NAME = AppIcon;
				ASSETCATALOG_COMPILER_GLOBAL_ACCENT_COLOR_NAME = AccentColor;
				CODE_SIGN_STYLE = Automatic;
				DEVELOPMENT_ASSET_PATHS = "\"Discounter/Preview Content\"";
				DEVELOPMENT_TEAM = 26W6RB4Z3F;
				ENABLE_PREVIEWS = YES;
				INFOPLIST_FILE = Discounter/Info.plist;
				IPHONEOS_DEPLOYMENT_TARGET = 14.0;
				LD_RUNPATH_SEARCH_PATHS = (
					"$(inherited)",
					"@executable_path/Frameworks",
				);
				PRODUCT_BUNDLE_IDENTIFIER = com.wissa.Discounter;
				PRODUCT_NAME = "$(TARGET_NAME)";
				SWIFT_VERSION = 5.0;
				TARGETED_DEVICE_FAMILY = "1,2";
			};
			name = Debug;
		};
		CEFBDDF32567344E00DFDFCE /* Release */ = {
			isa = XCBuildConfiguration;
			buildSettings = {
				ASSETCATALOG_COMPILER_APPICON_NAME = AppIcon;
				ASSETCATALOG_COMPILER_GLOBAL_ACCENT_COLOR_NAME = AccentColor;
				CODE_SIGN_STYLE = Automatic;
				DEVELOPMENT_ASSET_PATHS = "\"Discounter/Preview Content\"";
				DEVELOPMENT_TEAM = 26W6RB4Z3F;
				ENABLE_PREVIEWS = YES;
				INFOPLIST_FILE = Discounter/Info.plist;
				IPHONEOS_DEPLOYMENT_TARGET = 14.0;
				LD_RUNPATH_SEARCH_PATHS = (
					"$(inherited)",
					"@executable_path/Frameworks",
				);
				PRODUCT_BUNDLE_IDENTIFIER = com.wissa.Discounter;
				PRODUCT_NAME = "$(TARGET_NAME)";
				SWIFT_VERSION = 5.0;
				TARGETED_DEVICE_FAMILY = "1,2";
			};
			name = Release;
		};
/* End XCBuildConfiguration section */

/* Begin XCConfigurationList section */
		CEFBDDDD2567344C00DFDFCE /* Build configuration list for PBXProject "Discounter" */ = {
			isa = XCConfigurationList;
			buildConfigurations = (
				CEFBDDEF2567344E00DFDFCE /* Debug */,
				CEFBDDF02567344E00DFDFCE /* Release */,
			);
			defaultConfigurationIsVisible = 0;
			defaultConfigurationName = Release;
		};
		CEFBDDF12567344E00DFDFCE /* Build configuration list for PBXNativeTarget "Discounter" */ = {
			isa = XCConfigurationList;
			buildConfigurations = (
				CEFBDDF22567344E00DFDFCE /* Debug */,
				CEFBDDF32567344E00DFDFCE /* Release */,
			);
			defaultConfigurationIsVisible = 0;
			defaultConfigurationName = Release;
		};
/* End XCConfigurationList section */
	};
	rootObject = CEFBDDDA2567344C00DFDFCE /* Project object */;
}
